
Microsoft Visual Studio Solution File, Format Version 12.00
# Visual Studio Version 16
VisualStudioVersion = 16.0.31205.134
MinimumVisualStudioVersion = 10.0.40219.1
Project("{FAE04EC0-301F-11D3-BF4B-00C04F79EFBC}") = "ConsoleApp4", "ConsoleApp4\ConsoleApp4.csproj", "{3AD1FAE5-589E-4A2C-A5A4-B828C841B0D5}"
EndProject
Global
	GlobalSection(SolutionConfigurationPlatforms) = preSolution
		Debug|Any CPU = Debug|Any CPU
		Release|Any CPU = Release|Any CPU
	EndGlobalSection
	GlobalSection(ProjectConfigurationPlatforms) = postSolution
		{3AD1FAE5-589E-4A2C-A5A4-B828C841B0D5}.Debug|Any CPU.ActiveCfg = Debug|Any CPU
		{3AD1FAE5-589E-4A2C-A5A4-B828C841B0D5}.Debug|Any CPU.Build.0 = Debug|Any CPU
		{3AD1FAE5-589E-4A2C-A5A4-B828C841B0D5}.Release|Any CPU.ActiveCfg = Release|Any CPU
		{3AD1FAE5-589E-4A2C-A5A4-B828C841B0D5}.Release|Any CPU.Build.0 = Release|Any CPU
	EndGlobalSection
	GlobalSection(SolutionProperties) = preSolution
		HideSolutionNode = FALSE
	EndGlobalSection
	GlobalSection(ExtensibilityGlobals) = postSolution
		SolutionGuid = {89633AF0-642A-48A5-904F-87A3D705DFAC}
	EndGlobalSection
EndGlobal
