
Microsoft Visual Studio Solution File, Format Version 12.00
# Visual Studio Version 16
VisualStudioVersion = 16.0.31205.134
MinimumVisualStudioVersion = 10.0.40219.1
Project("{FAE04EC0-301F-11D3-BF4B-00C04F79EFBC}") = "Vjezba22", "Vjezba22\Vjezba22.csproj", "{A6FAD299-2D40-4308-8C67-88A3A7958456}"
EndProject
Global
	GlobalSection(SolutionConfigurationPlatforms) = preSolution
		Debug|Any CPU = Debug|Any CPU
		Release|Any CPU = Release|Any CPU
	EndGlobalSection
	GlobalSection(ProjectConfigurationPlatforms) = postSolution
		{A6FAD299-2D40-4308-8C67-88A3A7958456}.Debug|Any CPU.ActiveCfg = Debug|Any CPU
		{A6FAD299-2D40-4308-8C67-88A3A7958456}.Debug|Any CPU.Build.0 = Debug|Any CPU
		{A6FAD299-2D40-4308-8C67-88A3A7958456}.Release|Any CPU.ActiveCfg = Release|Any CPU
		{A6FAD299-2D40-4308-8C67-88A3A7958456}.Release|Any CPU.Build.0 = Release|Any CPU
	EndGlobalSection
	GlobalSection(SolutionProperties) = preSolution
		HideSolutionNode = FALSE
	EndGlobalSection
	GlobalSection(ExtensibilityGlobals) = postSolution
		SolutionGuid = {91C62B72-4BE3-4524-AC31-E6164D2232DA}
	EndGlobalSection
EndGlobal
